
Microsoft Visual Studio Solution File, Format Version 12.00
# Visual Studio Version 17
VisualStudioVersion = 17.11.35312.102
MinimumVisualStudioVersion = 10.0.40219.1
Project("{FAE04EC0-301F-11D3-BF4B-00C04F79EFBC}") = "RefOutExample3", "RefOutExample3\RefOutExample3.csproj", "{045A9BF7-BB1F-4C91-8A87-35DF34790848}"
EndProject
Global
	GlobalSection(SolutionConfigurationPlatforms) = preSolution
		Debug|Any CPU = Debug|Any CPU
		Release|Any CPU = Release|Any CPU
	EndGlobalSection
	GlobalSection(ProjectConfigurationPlatforms) = postSolution
		{045A9BF7-BB1F-4C91-8A87-35DF34790848}.Debug|Any CPU.ActiveCfg = Debug|Any CPU
		{045A9BF7-BB1F-4C91-8A87-35DF34790848}.Debug|Any CPU.Build.0 = Debug|Any CPU
		{045A9BF7-BB1F-4C91-8A87-35DF34790848}.Release|Any CPU.ActiveCfg = Release|Any CPU
		{045A9BF7-BB1F-4C91-8A87-35DF34790848}.Release|Any CPU.Build.0 = Release|Any CPU
	EndGlobalSection
	GlobalSection(SolutionProperties) = preSolution
		HideSolutionNode = FALSE
	EndGlobalSection
	GlobalSection(ExtensibilityGlobals) = postSolution
		SolutionGuid = {E5196F9D-B3AC-4AA6-BBAF-709E5633BA60}
	EndGlobalSection
EndGlobal
