
Microsoft Visual Studio Solution File, Format Version 12.00
# Visual Studio Version 17
VisualStudioVersion = 17.11.35312.102
MinimumVisualStudioVersion = 10.0.40219.1
Project("{FAE04EC0-301F-11D3-BF4B-00C04F79EFBC}") = "Lesson4InheritanceClass", "Lesson4InheritanceClass\Lesson4InheritanceClass.csproj", "{AD6312E7-2AB0-4554-AD4B-8F63CCEF117E}"
EndProject
Global
	GlobalSection(SolutionConfigurationPlatforms) = preSolution
		Debug|Any CPU = Debug|Any CPU
		Release|Any CPU = Release|Any CPU
	EndGlobalSection
	GlobalSection(ProjectConfigurationPlatforms) = postSolution
		{AD6312E7-2AB0-4554-AD4B-8F63CCEF117E}.Debug|Any CPU.ActiveCfg = Debug|Any CPU
		{AD6312E7-2AB0-4554-AD4B-8F63CCEF117E}.Debug|Any CPU.Build.0 = Debug|Any CPU
		{AD6312E7-2AB0-4554-AD4B-8F63CCEF117E}.Release|Any CPU.ActiveCfg = Release|Any CPU
		{AD6312E7-2AB0-4554-AD4B-8F63CCEF117E}.Release|Any CPU.Build.0 = Release|Any CPU
	EndGlobalSection
	GlobalSection(SolutionProperties) = preSolution
		HideSolutionNode = FALSE
	EndGlobalSection
	GlobalSection(ExtensibilityGlobals) = postSolution
		SolutionGuid = {CD49050A-5C67-4623-95A3-9344691300B1}
	EndGlobalSection
EndGlobal
