
Microsoft Visual Studio Solution File, Format Version 12.00
# Visual Studio Version 17
VisualStudioVersion = 17.11.35312.102
MinimumVisualStudioVersion = 10.0.40219.1
Project("{FAE04EC0-301F-11D3-BF4B-00C04F79EFBC}") = "Lesson4Construction", "Lesson4Construction\Lesson4Construction.csproj", "{5B2CAA1C-3AF3-4711-BE74-85E113EC2575}"
EndProject
Global
	GlobalSection(SolutionConfigurationPlatforms) = preSolution
		Debug|Any CPU = Debug|Any CPU
		Release|Any CPU = Release|Any CPU
	EndGlobalSection
	GlobalSection(ProjectConfigurationPlatforms) = postSolution
		{5B2CAA1C-3AF3-4711-BE74-85E113EC2575}.Debug|Any CPU.ActiveCfg = Debug|Any CPU
		{5B2CAA1C-3AF3-4711-BE74-85E113EC2575}.Debug|Any CPU.Build.0 = Debug|Any CPU
		{5B2CAA1C-3AF3-4711-BE74-85E113EC2575}.Release|Any CPU.ActiveCfg = Release|Any CPU
		{5B2CAA1C-3AF3-4711-BE74-85E113EC2575}.Release|Any CPU.Build.0 = Release|Any CPU
	EndGlobalSection
	GlobalSection(SolutionProperties) = preSolution
		HideSolutionNode = FALSE
	EndGlobalSection
	GlobalSection(ExtensibilityGlobals) = postSolution
		SolutionGuid = {175579CE-EC45-49FD-93F8-7D848DBD530C}
	EndGlobalSection
EndGlobal
