
Microsoft Visual Studio Solution File, Format Version 12.00
# Visual Studio Version 17
VisualStudioVersion = 17.11.35312.102
MinimumVisualStudioVersion = 10.0.40219.1
Project("{FAE04EC0-301F-11D3-BF4B-00C04F79EFBC}") = "Lesson2Array", "Lesson2Array\Lesson2Array.csproj", "{9330B9FC-D892-4EE6-BD35-8648D0ADCFD9}"
EndProject
Global
	GlobalSection(SolutionConfigurationPlatforms) = preSolution
		Debug|Any CPU = Debug|Any CPU
		Release|Any CPU = Release|Any CPU
	EndGlobalSection
	GlobalSection(ProjectConfigurationPlatforms) = postSolution
		{9330B9FC-D892-4EE6-BD35-8648D0ADCFD9}.Debug|Any CPU.ActiveCfg = Debug|Any CPU
		{9330B9FC-D892-4EE6-BD35-8648D0ADCFD9}.Debug|Any CPU.Build.0 = Debug|Any CPU
		{9330B9FC-D892-4EE6-BD35-8648D0ADCFD9}.Release|Any CPU.ActiveCfg = Release|Any CPU
		{9330B9FC-D892-4EE6-BD35-8648D0ADCFD9}.Release|Any CPU.Build.0 = Release|Any CPU
	EndGlobalSection
	GlobalSection(SolutionProperties) = preSolution
		HideSolutionNode = FALSE
	EndGlobalSection
	GlobalSection(ExtensibilityGlobals) = postSolution
		SolutionGuid = {CE53D2CF-8CC0-4853-BA5B-15E4ABC9E948}
	EndGlobalSection
EndGlobal
