
Microsoft Visual Studio Solution File, Format Version 12.00
# Visual Studio Version 17
VisualStudioVersion = 17.11.35312.102
MinimumVisualStudioVersion = 10.0.40219.1
Project("{FAE04EC0-301F-11D3-BF4B-00C04F79EFBC}") = "Lesson2MlutiArray", "Lesson2MlutiArray\Lesson2MlutiArray.csproj", "{ED4D93BC-CF94-4D13-B02A-5EB0768D95C5}"
EndProject
Global
	GlobalSection(SolutionConfigurationPlatforms) = preSolution
		Debug|Any CPU = Debug|Any CPU
		Release|Any CPU = Release|Any CPU
	EndGlobalSection
	GlobalSection(ProjectConfigurationPlatforms) = postSolution
		{ED4D93BC-CF94-4D13-B02A-5EB0768D95C5}.Debug|Any CPU.ActiveCfg = Debug|Any CPU
		{ED4D93BC-CF94-4D13-B02A-5EB0768D95C5}.Debug|Any CPU.Build.0 = Debug|Any CPU
		{ED4D93BC-CF94-4D13-B02A-5EB0768D95C5}.Release|Any CPU.ActiveCfg = Release|Any CPU
		{ED4D93BC-CF94-4D13-B02A-5EB0768D95C5}.Release|Any CPU.Build.0 = Release|Any CPU
	EndGlobalSection
	GlobalSection(SolutionProperties) = preSolution
		HideSolutionNode = FALSE
	EndGlobalSection
	GlobalSection(ExtensibilityGlobals) = postSolution
		SolutionGuid = {232FE710-929A-4759-AB24-DE21ADF075F0}
	EndGlobalSection
EndGlobal
