
Microsoft Visual Studio Solution File, Format Version 12.00
# Visual Studio Version 17
VisualStudioVersion = 17.11.35312.102
MinimumVisualStudioVersion = 10.0.40219.1
Project("{FAE04EC0-301F-11D3-BF4B-00C04F79EFBC}") = "ConstructorMethodexm2", "ConstructorMethodexm2\ConstructorMethodexm2.csproj", "{2E7E0020-0AB4-47D5-9C87-700A73C738BE}"
EndProject
Global
	GlobalSection(SolutionConfigurationPlatforms) = preSolution
		Debug|Any CPU = Debug|Any CPU
		Release|Any CPU = Release|Any CPU
	EndGlobalSection
	GlobalSection(ProjectConfigurationPlatforms) = postSolution
		{2E7E0020-0AB4-47D5-9C87-700A73C738BE}.Debug|Any CPU.ActiveCfg = Debug|Any CPU
		{2E7E0020-0AB4-47D5-9C87-700A73C738BE}.Debug|Any CPU.Build.0 = Debug|Any CPU
		{2E7E0020-0AB4-47D5-9C87-700A73C738BE}.Release|Any CPU.ActiveCfg = Release|Any CPU
		{2E7E0020-0AB4-47D5-9C87-700A73C738BE}.Release|Any CPU.Build.0 = Release|Any CPU
	EndGlobalSection
	GlobalSection(SolutionProperties) = preSolution
		HideSolutionNode = FALSE
	EndGlobalSection
	GlobalSection(ExtensibilityGlobals) = postSolution
		SolutionGuid = {D83AA6CD-F028-4CD3-A5D0-87A0635346E5}
	EndGlobalSection
EndGlobal
