
Microsoft Visual Studio Solution File, Format Version 12.00
# Visual Studio Version 17
VisualStudioVersion = 17.11.35312.102
MinimumVisualStudioVersion = 10.0.40219.1
Project("{FAE04EC0-301F-11D3-BF4B-00C04F79EFBC}") = "FirstLessonHomework3", "FirstLessonHomework3\FirstLessonHomework3.csproj", "{40FFCB1F-E468-49C8-88D0-E95CF61B21E3}"
EndProject
Global
	GlobalSection(SolutionConfigurationPlatforms) = preSolution
		Debug|Any CPU = Debug|Any CPU
		Release|Any CPU = Release|Any CPU
	EndGlobalSection
	GlobalSection(ProjectConfigurationPlatforms) = postSolution
		{40FFCB1F-E468-49C8-88D0-E95CF61B21E3}.Debug|Any CPU.ActiveCfg = Debug|Any CPU
		{40FFCB1F-E468-49C8-88D0-E95CF61B21E3}.Debug|Any CPU.Build.0 = Debug|Any CPU
		{40FFCB1F-E468-49C8-88D0-E95CF61B21E3}.Release|Any CPU.ActiveCfg = Release|Any CPU
		{40FFCB1F-E468-49C8-88D0-E95CF61B21E3}.Release|Any CPU.Build.0 = Release|Any CPU
	EndGlobalSection
	GlobalSection(SolutionProperties) = preSolution
		HideSolutionNode = FALSE
	EndGlobalSection
	GlobalSection(ExtensibilityGlobals) = postSolution
		SolutionGuid = {E41F3628-DF38-4D85-A823-CC38FC8A4858}
	EndGlobalSection
EndGlobal
