
Microsoft Visual Studio Solution File, Format Version 12.00
# Visual Studio Version 17
VisualStudioVersion = 17.11.35312.102
MinimumVisualStudioVersion = 10.0.40219.1
Project("{FAE04EC0-301F-11D3-BF4B-00C04F79EFBC}") = "Lesson3ArrayList", "Lesson3ArrayList\Lesson3ArrayList.csproj", "{73DC2F46-FDEE-47DD-988A-89FF2AF2974E}"
EndProject
Global
	GlobalSection(SolutionConfigurationPlatforms) = preSolution
		Debug|Any CPU = Debug|Any CPU
		Release|Any CPU = Release|Any CPU
	EndGlobalSection
	GlobalSection(ProjectConfigurationPlatforms) = postSolution
		{73DC2F46-FDEE-47DD-988A-89FF2AF2974E}.Debug|Any CPU.ActiveCfg = Debug|Any CPU
		{73DC2F46-FDEE-47DD-988A-89FF2AF2974E}.Debug|Any CPU.Build.0 = Debug|Any CPU
		{73DC2F46-FDEE-47DD-988A-89FF2AF2974E}.Release|Any CPU.ActiveCfg = Release|Any CPU
		{73DC2F46-FDEE-47DD-988A-89FF2AF2974E}.Release|Any CPU.Build.0 = Release|Any CPU
	EndGlobalSection
	GlobalSection(SolutionProperties) = preSolution
		HideSolutionNode = FALSE
	EndGlobalSection
	GlobalSection(ExtensibilityGlobals) = postSolution
		SolutionGuid = {AE04D5A1-E9AB-48DE-A387-614D96A03FC2}
	EndGlobalSection
EndGlobal
