
Microsoft Visual Studio Solution File, Format Version 12.00
# Visual Studio Version 17
VisualStudioVersion = 17.11.35312.102
MinimumVisualStudioVersion = 10.0.40219.1
Project("{FAE04EC0-301F-11D3-BF4B-00C04F79EFBC}") = "Lesson1DatatypeConversion", "Lesson1DatatypeConversion\Lesson1DatatypeConversion.csproj", "{5220F23E-F5D8-4210-A54E-3AB50E385794}"
EndProject
Global
	GlobalSection(SolutionConfigurationPlatforms) = preSolution
		Debug|Any CPU = Debug|Any CPU
		Release|Any CPU = Release|Any CPU
	EndGlobalSection
	GlobalSection(ProjectConfigurationPlatforms) = postSolution
		{5220F23E-F5D8-4210-A54E-3AB50E385794}.Debug|Any CPU.ActiveCfg = Debug|Any CPU
		{5220F23E-F5D8-4210-A54E-3AB50E385794}.Debug|Any CPU.Build.0 = Debug|Any CPU
		{5220F23E-F5D8-4210-A54E-3AB50E385794}.Release|Any CPU.ActiveCfg = Release|Any CPU
		{5220F23E-F5D8-4210-A54E-3AB50E385794}.Release|Any CPU.Build.0 = Release|Any CPU
	EndGlobalSection
	GlobalSection(SolutionProperties) = preSolution
		HideSolutionNode = FALSE
	EndGlobalSection
	GlobalSection(ExtensibilityGlobals) = postSolution
		SolutionGuid = {BBB4AB8A-D720-4412-8079-0763C196E496}
	EndGlobalSection
EndGlobal
