
Microsoft Visual Studio Solution File, Format Version 12.00
# Visual Studio Version 17
VisualStudioVersion = 17.11.35312.102
MinimumVisualStudioVersion = 10.0.40219.1
Project("{FAE04EC0-301F-11D3-BF4B-00C04F79EFBC}") = "QuizQuestion3", "QuizQuestion3\QuizQuestion3.csproj", "{1BB240D3-A231-4629-B7BF-F75D46D9CBFA}"
EndProject
Global
	GlobalSection(SolutionConfigurationPlatforms) = preSolution
		Debug|Any CPU = Debug|Any CPU
		Release|Any CPU = Release|Any CPU
	EndGlobalSection
	GlobalSection(ProjectConfigurationPlatforms) = postSolution
		{1BB240D3-A231-4629-B7BF-F75D46D9CBFA}.Debug|Any CPU.ActiveCfg = Debug|Any CPU
		{1BB240D3-A231-4629-B7BF-F75D46D9CBFA}.Debug|Any CPU.Build.0 = Debug|Any CPU
		{1BB240D3-A231-4629-B7BF-F75D46D9CBFA}.Release|Any CPU.ActiveCfg = Release|Any CPU
		{1BB240D3-A231-4629-B7BF-F75D46D9CBFA}.Release|Any CPU.Build.0 = Release|Any CPU
	EndGlobalSection
	GlobalSection(SolutionProperties) = preSolution
		HideSolutionNode = FALSE
	EndGlobalSection
	GlobalSection(ExtensibilityGlobals) = postSolution
		SolutionGuid = {D4357870-2D18-429C-B940-270BA9439910}
	EndGlobalSection
EndGlobal
